// !$*UTF8*$!
{
	archiveVersion = 1;
	classes = {
	};
	objectVersion = 55;
	objects = {

/* Begin PBXBuildFile section */
		3880A06D27F744F300D55499 /* Date+Today.swift in Sources */ = {isa = PBXBuildFile; fileRef = 3880A06C27F744F300D55499 /* Date+Today.swift */; };
		3880A07027F7506D00D55499 /* ReminderListViewController+DataSource.swift in Sources */ = {isa = PBXBuildFile; fileRef = 3880A06F27F7506D00D55499 /* ReminderListViewController+DataSource.swift */; };
		38EEC2E627F366FC003C8946 /* AppDelegate.swift in Sources */ = {isa = PBXBuildFile; fileRef = 38EEC2E527F366FC003C8946 /* AppDelegate.swift */; };
		38EEC2E827F366FC003C8946 /* SceneDelegate.swift in Sources */ = {isa = PBXBuildFile; fileRef = 38EEC2E727F366FC003C8946 /* SceneDelegate.swift */; };
		38EEC2EA27F366FC003C8946 /* ReminderListViewController.swift in Sources */ = {isa = PBXBuildFile; fileRef = 38EEC2E927F366FC003C8946 /* ReminderListViewController.swift */; };
		38EEC2ED27F366FC003C8946 /* Main.storyboard in Resources */ = {isa = PBXBuildFile; fileRef = 38EEC2EB27F366FC003C8946 /* Main.storyboard */; };
		38EEC2EF27F366FD003C8946 /* Assets.xcassets in Resources */ = {isa = PBXBuildFile; fileRef = 38EEC2EE27F366FD003C8946 /* Assets.xcassets */; };
		38EEC2F227F366FD003C8946 /* LaunchScreen.storyboard in Resources */ = {isa = PBXBuildFile; fileRef = 38EEC2F027F366FD003C8946 /* LaunchScreen.storyboard */; };
		38EEC2FD27F366FD003C8946 /* TodayTests.swift in Sources */ = {isa = PBXBuildFile; fileRef = 38EEC2FC27F366FD003C8946 /* TodayTests.swift */; };
		38EEC30727F366FD003C8946 /* TodayUITests.swift in Sources */ = {isa = PBXBuildFile; fileRef = 38EEC30627F366FD003C8946 /* TodayUITests.swift */; };
		38EEC30927F366FD003C8946 /* TodayUITestsLaunchTests.swift in Sources */ = {isa = PBXBuildFile; fileRef = 38EEC30827F366FD003C8946 /* TodayUITestsLaunchTests.swift */; };
		38EEC31727F36A49003C8946 /* Reminder.swift in Sources */ = {isa = PBXBuildFile; fileRef = 38EEC31627F36A49003C8946 /* Reminder.swift */; };
/* End PBXBuildFile section */

/* Begin PBXContainerItemProxy section */
		38EEC2F927F366FD003C8946 /* PBXContainerItemProxy */ = {
			isa = PBXContainerItemProxy;
			containerPortal = 38EEC2DA27F366FC003C8946 /* Project object */;
			proxyType = 1;
			remoteGlobalIDString = 38EEC2E127F366FC003C8946;
			remoteInfo = Today;
		};
		38EEC30327F366FD003C8946 /* PBXContainerItemProxy */ = {
			isa = PBXContainerItemProxy;
			containerPortal = 38EEC2DA27F366FC003C8946 /* Project object */;
			proxyType = 1;
			remoteGlobalIDString = 38EEC2E127F366FC003C8946;
			remoteInfo = Today;
		};
/* End PBXContainerItemProxy section */

/* Begin PBXFileReference section */
		3880A06C27F744F300D55499 /* Date+Today.swift */ = {isa = PBXFileReference; lastKnownFileType = sourcecode.swift; path = "Date+Today.swift"; sourceTree = "<group>"; };
		3880A06F27F7506D00D55499 /* ReminderListViewController+DataSource.swift */ = {isa = PBXFileReference; lastKnownFileType = sourcecode.swift; path = "ReminderListViewController+DataSource.swift"; sourceTree = "<group>"; };
		38EEC2E227F366FC003C8946 /* Today.app */ = {isa = PBXFileReference; explicitFileType = wrapper.application; includeInIndex = 0; path = Today.app; sourceTree = BUILT_PRODUCTS_DIR; };
		38EEC2E527F366FC003C8946 /* AppDelegate.swift */ = {isa = PBXFileReference; lastKnownFileType = sourcecode.swift; path = AppDelegate.swift; sourceTree = "<group>"; };
		38EEC2E727F366FC003C8946 /* SceneDelegate.swift */ = {isa = PBXFileReference; lastKnownFileType = sourcecode.swift; path = SceneDelegate.swift; sourceTree = "<group>"; };
		38EEC2E927F366FC003C8946 /* ReminderListViewController.swift */ = {isa = PBXFileReference; lastKnownFileType = sourcecode.swift; path = ReminderListViewController.swift; sourceTree = "<group>"; };
		38EEC2EC27F366FC003C8946 /* Base */ = {isa = PBXFileReference; lastKnownFileType = file.storyboard; name = Base; path = Base.lproj/Main.storyboard; sourceTree = "<group>"; };
		38EEC2EE27F366FD003C8946 /* Assets.xcassets */ = {isa = PBXFileReference; lastKnownFileType = folder.assetcatalog; path = Assets.xcassets; sourceTree = "<group>"; };
		38EEC2F127F366FD003C8946 /* Base */ = {isa = PBXFileReference; lastKnownFileType = file.storyboard; name = Base; path = Base.lproj/LaunchScreen.storyboard; sourceTree = "<group>"; };
		38EEC2F327F366FD003C8946 /* Info.plist */ = {isa = PBXFileReference; lastKnownFileType = text.plist.xml; path = Info.plist; sourceTree = "<group>"; };
		38EEC2F827F366FD003C8946 /* TodayTests.xctest */ = {isa = PBXFileReference; explicitFileType = wrapper.cfbundle; includeInIndex = 0; path = TodayTests.xctest; sourceTree = BUILT_PRODUCTS_DIR; };
		38EEC2FC27F366FD003C8946 /* TodayTests.swift */ = {isa = PBXFileReference; lastKnownFileType = sourcecode.swift; path = TodayTests.swift; sourceTree = "<group>"; };
		38EEC30227F366FD003C8946 /* TodayUITests.xctest */ = {isa = PBXFileReference; explicitFileType = wrapper.cfbundle; includeInIndex = 0; path = TodayUITests.xctest; sourceTree = BUILT_PRODUCTS_DIR; };
		38EEC30627F366FD003C8946 /* TodayUITests.swift */ = {isa = PBXFileReference; lastKnownFileType = sourcecode.swift; path = TodayUITests.swift; sourceTree = "<group>"; };
		38EEC30827F366FD003C8946 /* TodayUITestsLaunchTests.swift */ = {isa = PBXFileReference; lastKnownFileType = sourcecode.swift; path = TodayUITestsLaunchTests.swift; sourceTree = "<group>"; };
		38EEC31627F36A49003C8946 /* Reminder.swift */ = {isa = PBXFileReference; lastKnownFileType = sourcecode.swift; path = Reminder.swift; sourceTree = "<group>"; };
/* End PBXFileReference section */

/* Begin PBXFrameworksBuildPhase section */
		38EEC2DF27F366FC003C8946 /* Frameworks */ = {
			isa = PBXFrameworksBuildPhase;
			buildActionMask = 2147483647;
			files = (
			);
			runOnlyForDeploymentPostprocessing = 0;
		};
		38EEC2F527F366FD003C8946 /* Frameworks */ = {
			isa = PBXFrameworksBuildPhase;
			buildActionMask = 2147483647;
			files = (
			);
			runOnlyForDeploymentPostprocessing = 0;
		};
		38EEC2FF27F366FD003C8946 /* Frameworks */ = {
			isa = PBXFrameworksBuildPhase;
			buildActionMask = 2147483647;
			files = (
			);
			runOnlyForDeploymentPostprocessing = 0;
		};
/* End PBXFrameworksBuildPhase section */

/* Begin PBXGroup section */
		3880A06E27F7501F00D55499 /* ListViewController */ = {
			isa = PBXGroup;
			children = (
				38EEC2E927F366FC003C8946 /* ReminderListViewController.swift */,
				3880A06F27F7506D00D55499 /* ReminderListViewController+DataSource.swift */,
			);
			path = ListViewController;
			sourceTree = "<group>";
		};
		38EEC2D927F366FC003C8946 = {
			isa = PBXGroup;
			children = (
				38EEC2E427F366FC003C8946 /* Today */,
				38EEC2FB27F366FD003C8946 /* TodayTests */,
				38EEC30527F366FD003C8946 /* TodayUITests */,
				38EEC2E327F366FC003C8946 /* Products */,
			);
			sourceTree = "<group>";
		};
		38EEC2E327F366FC003C8946 /* Products */ = {
			isa = PBXGroup;
			children = (
				38EEC2E227F366FC003C8946 /* Today.app */,
				38EEC2F827F366FD003C8946 /* TodayTests.xctest */,
				38EEC30227F366FD003C8946 /* TodayUITests.xctest */,
			);
			name = Products;
			sourceTree = "<group>";
		};
		38EEC2E427F366FC003C8946 /* Today */ = {
			isa = PBXGroup;
			children = (
				3880A06E27F7501F00D55499 /* ListViewController */,
				38EEC31527F369F5003C8946 /* Models */,
				38EEC2E527F366FC003C8946 /* AppDelegate.swift */,
				38EEC2E727F366FC003C8946 /* SceneDelegate.swift */,
				38EEC2EB27F366FC003C8946 /* Main.storyboard */,
				38EEC2EE27F366FD003C8946 /* Assets.xcassets */,
				38EEC2F027F366FD003C8946 /* LaunchScreen.storyboard */,
				38EEC2F327F366FD003C8946 /* Info.plist */,
			);
			path = Today;
			sourceTree = "<group>";
		};
		38EEC2FB27F366FD003C8946 /* TodayTests */ = {
			isa = PBXGroup;
			children = (
				38EEC2FC27F366FD003C8946 /* TodayTests.swift */,
			);
			path = TodayTests;
			sourceTree = "<group>";
		};
		38EEC30527F366FD003C8946 /* TodayUITests */ = {
			isa = PBXGroup;
			children = (
				38EEC30627F366FD003C8946 /* TodayUITests.swift */,
				38EEC30827F366FD003C8946 /* TodayUITestsLaunchTests.swift */,
			);
			path = TodayUITests;
			sourceTree = "<group>";
		};
		38EEC31527F369F5003C8946 /* Models */ = {
			isa = PBXGroup;
			children = (
				38EEC31627F36A49003C8946 /* Reminder.swift */,
				3880A06C27F744F300D55499 /* Date+Today.swift */,
			);
			path = Models;
			sourceTree = "<group>";
		};
/* End PBXGroup section */

/* Begin PBXNativeTarget section */
		38EEC2E127F366FC003C8946 /* Today */ = {
			isa = PBXNativeTarget;
			buildConfigurationList = 38EEC30C27F366FD003C8946 /* Build configuration list for PBXNativeTarget "Today" */;
			buildPhases = (
				38EEC2DE27F366FC003C8946 /* Sources */,
				38EEC2DF27F366FC003C8946 /* Frameworks */,
				38EEC2E027F366FC003C8946 /* Resources */,
			);
			buildRules = (
			);
			dependencies = (
			);
			name = Today;
			productName = Today;
			productReference = 38EEC2E227F366FC003C8946 /* Today.app */;
			productType = "com.apple.product-type.application";
		};
		38EEC2F727F366FD003C8946 /* TodayTests */ = {
			isa = PBXNativeTarget;
			buildConfigurationList = 38EEC30F27F366FD003C8946 /* Build configuration list for PBXNativeTarget "TodayTests" */;
			buildPhases = (
				38EEC2F427F366FD003C8946 /* Sources */,
				38EEC2F527F366FD003C8946 /* Frameworks */,
				38EEC2F627F366FD003C8946 /* Resources */,
			);
			buildRules = (
			);
			dependencies = (
				38EEC2FA27F366FD003C8946 /* PBXTargetDependency */,
			);
			name = TodayTests;
			productName = TodayTests;
			productReference = 38EEC2F827F366FD003C8946 /* TodayTests.xctest */;
			productType = "com.apple.product-type.bundle.unit-test";
		};
		38EEC30127F366FD003C8946 /* TodayUITests */ = {
			isa = PBXNativeTarget;
			buildConfigurationList = 38EEC31227F366FD003C8946 /* Build configuration list for PBXNativeTarget "TodayUITests" */;
			buildPhases = (
				38EEC2FE27F366FD003C8946 /* Sources */,
				38EEC2FF27F366FD003C8946 /* Frameworks */,
				38EEC30027F366FD003C8946 /* Resources */,
			);
			buildRules = (
			);
			dependencies = (
				38EEC30427F366FD003C8946 /* PBXTargetDependency */,
			);
			name = TodayUITests;
			productName = TodayUITests;
			productReference = 38EEC30227F366FD003C8946 /* TodayUITests.xctest */;
			productType = "com.apple.product-type.bundle.ui-testing";
		};
/* End PBXNativeTarget section */

/* Begin PBXProject section */
		38EEC2DA27F366FC003C8946 /* Project object */ = {
			isa = PBXProject;
			attributes = {
				BuildIndependentTargetsInParallel = 1;
				LastSwiftUpdateCheck = 1330;
				LastUpgradeCheck = 1330;
				TargetAttributes = {
					38EEC2E127F366FC003C8946 = {
						CreatedOnToolsVersion = 13.3;
					};
					38EEC2F727F366FD003C8946 = {
						CreatedOnToolsVersion = 13.3;
						TestTargetID = 38EEC2E127F366FC003C8946;
					};
					38EEC30127F366FD003C8946 = {
						CreatedOnToolsVersion = 13.3;
						TestTargetID = 38EEC2E127F366FC003C8946;
					};
				};
			};
			buildConfigurationList = 38EEC2DD27F366FC003C8946 /* Build configuration list for PBXProject "Today" */;
			compatibilityVersion = "Xcode 13.0";
			developmentRegion = en;
			hasScannedForEncodings = 0;
			knownRegions = (
				en,
				Base,
			);
			mainGroup = 38EEC2D927F366FC003C8946;
			productRefGroup = 38EEC2E327F366FC003C8946 /* Products */;
			projectDirPath = "";
			projectRoot = "";
			targets = (
				38EEC2E127F366FC003C8946 /* Today */,
				38EEC2F727F366FD003C8946 /* TodayTests */,
				38EEC30127F366FD003C8946 /* TodayUITests */,
			);
		};
/* End PBXProject section */

/* Begin PBXResourcesBuildPhase section */
		38EEC2E027F366FC003C8946 /* Resources */ = {
			isa = PBXResourcesBuildPhase;
			buildActionMask = 2147483647;
			files = (
				38EEC2F227F366FD003C8946 /* LaunchScreen.storyboard in Resources */,
				38EEC2EF27F366FD003C8946 /* Assets.xcassets in Resources */,
				38EEC2ED27F366FC003C8946 /* Main.storyboard in Resources */,
			);
			runOnlyForDeploymentPostprocessing = 0;
		};
		38EEC2F627F366FD003C8946 /* Resources */ = {
			isa = PBXResourcesBuildPhase;
			buildActionMask = 2147483647;
			files = (
			);
			runOnlyForDeploymentPostprocessing = 0;
		};
		38EEC30027F366FD003C8946 /* Resources */ = {
			isa = PBXResourcesBuildPhase;
			buildActionMask = 2147483647;
			files = (
			);
			runOnlyForDeploymentPostprocessing = 0;
		};
/* End PBXResourcesBuildPhase section */

/* Begin PBXSourcesBuildPhase section */
		38EEC2DE27F366FC003C8946 /* Sources */ = {
			isa = PBXSourcesBuildPhase;
			buildActionMask = 2147483647;
			files = (
				38EEC2EA27F366FC003C8946 /* ReminderListViewController.swift in Sources */,
				3880A06D27F744F300D55499 /* Date+Today.swift in Sources */,
				38EEC2E627F366FC003C8946 /* AppDelegate.swift in Sources */,
				38EEC2E827F366FC003C8946 /* SceneDelegate.swift in Sources */,
				38EEC31727F36A49003C8946 /* Reminder.swift in Sources */,
				3880A07027F7506D00D55499 /* ReminderListViewController+DataSource.swift in Sources */,
			);
			runOnlyForDeploymentPostprocessing = 0;
		};
		38EEC2F427F366FD003C8946 /* Sources */ = {
			isa = PBXSourcesBuildPhase;
			buildActionMask = 2147483647;
			files = (
				38EEC2FD27F366FD003C8946 /* TodayTests.swift in Sources */,
			);
			runOnlyForDeploymentPostprocessing = 0;
		};
		38EEC2FE27F366FD003C8946 /* Sources */ = {
			isa = PBXSourcesBuildPhase;
			buildActionMask = 2147483647;
			files = (
				38EEC30927F366FD003C8946 /* TodayUITestsLaunchTests.swift in Sources */,
				38EEC30727F366FD003C8946 /* TodayUITests.swift in Sources */,
			);
			runOnlyForDeploymentPostprocessing = 0;
		};
/* End PBXSourcesBuildPhase section */

/* Begin PBXTargetDependency section */
		38EEC2FA27F366FD003C8946 /* PBXTargetDependency */ = {
			isa = PBXTargetDependency;
			target = 38EEC2E127F366FC003C8946 /* Today */;
			targetProxy = 38EEC2F927F366FD003C8946 /* PBXContainerItemProxy */;
		};
		38EEC30427F366FD003C8946 /* PBXTargetDependency */ = {
			isa = PBXTargetDependency;
			target = 38EEC2E127F366FC003C8946 /* Today */;
			targetProxy = 38EEC30327F366FD003C8946 /* PBXContainerItemProxy */;
		};
/* End PBXTargetDependency section */

/* Begin PBXVariantGroup section */
		38EEC2EB27F366FC003C8946 /* Main.storyboard */ = {
			isa = PBXVariantGroup;
			children = (
				38EEC2EC27F366FC003C8946 /* Base */,
			);
			name = Main.storyboard;
			sourceTree = "<group>";
		};
		38EEC2F027F366FD003C8946 /* LaunchScreen.storyboard */ = {
			isa = PBXVariantGroup;
			children = (
				38EEC2F127F366FD003C8946 /* Base */,
			);
			name = LaunchScreen.storyboard;
			sourceTree = "<group>";
		};
/* End PBXVariantGroup section */

/* Begin XCBuildConfiguration section */
		38EEC30A27F366FD003C8946 /* Debug */ = {
			isa = XCBuildConfiguration;
			buildSettings = {
				ALWAYS_SEARCH_USER_PATHS = NO;
				CLANG_ANALYZER_NONNULL = YES;
				CLANG_ANALYZER_NUMBER_OBJECT_CONVERSION = YES_AGGRESSIVE;
				CLANG_CXX_LANGUAGE_STANDARD = "gnu++17";
				CLANG_ENABLE_MODULES = YES;
				CLANG_ENABLE_OBJC_ARC = YES;
				CLANG_ENABLE_OBJC_WEAK = YES;
				CLANG_WARN_BLOCK_CAPTURE_AUTORELEASING = YES;
				CLANG_WARN_BOOL_CONVERSION = YES;
				CLANG_WARN_COMMA = YES;
				CLANG_WARN_CONSTANT_CONVERSION = YES;
				CLANG_WARN_DEPRECATED_OBJC_IMPLEMENTATIONS = YES;
				CLANG_WARN_DIRECT_OBJC_ISA_USAGE = YES_ERROR;
				CLANG_WARN_DOCUMENTATION_COMMENTS = YES;
				CLANG_WARN_EMPTY_BODY = YES;
				CLANG_WARN_ENUM_CONVERSION = YES;
				CLANG_WARN_INFINITE_RECURSION = YES;
				CLANG_WARN_INT_CONVERSION = YES;
				CLANG_WARN_NON_LITERAL_NULL_CONVERSION = YES;
				CLANG_WARN_OBJC_IMPLICIT_RETAIN_SELF = YES;
				CLANG_WARN_OBJC_LITERAL_CONVERSION = YES;
				CLANG_WARN_OBJC_ROOT_CLASS = YES_ERROR;
				CLANG_WARN_QUOTED_INCLUDE_IN_FRAMEWORK_HEADER = YES;
				CLANG_WARN_RANGE_LOOP_ANALYSIS = YES;
				CLANG_WARN_STRICT_PROTOTYPES = YES;
				CLANG_WARN_SUSPICIOUS_MOVE = YES;
				CLANG_WARN_UNGUARDED_AVAILABILITY = YES_AGGRESSIVE;
				CLANG_WARN_UNREACHABLE_CODE = YES;
				CLANG_WARN__DUPLICATE_METHOD_MATCH = YES;
				COPY_PHASE_STRIP = NO;
				DEBUG_INFORMATION_FORMAT = dwarf;
				ENABLE_STRICT_OBJC_MSGSEND = YES;
				ENABLE_TESTABILITY = YES;
				GCC_C_LANGUAGE_STANDARD = gnu11;
				GCC_DYNAMIC_NO_PIC = NO;
				GCC_NO_COMMON_BLOCKS = YES;
				GCC_OPTIMIZATION_LEVEL = 0;
				GCC_PREPROCESSOR_DEFINITIONS = (
					"DEBUG=1",
					"$(inherited)",
				);
				GCC_WARN_64_TO_32_BIT_CONVERSION = YES;
				GCC_WARN_ABOUT_RETURN_TYPE = YES_ERROR;
				GCC_WARN_UNDECLARED_SELECTOR = YES;
				GCC_WARN_UNINITIALIZED_AUTOS = YES_AGGRESSIVE;
				GCC_WARN_UNUSED_FUNCTION = YES;
				GCC_WARN_UNUSED_VARIABLE = YES;
				IPHONEOS_DEPLOYMENT_TARGET = 15.4;
				MTL_ENABLE_DEBUG_INFO = INCLUDE_SOURCE;
				MTL_FAST_MATH = YES;
				ONLY_ACTIVE_ARCH = YES;
				SDKROOT = iphoneos;
				SWIFT_ACTIVE_COMPILATION_CONDITIONS = DEBUG;
				SWIFT_OPTIMIZATION_LEVEL = "-Onone";
			};
			name = Debug;
		};
		38EEC30B27F366FD003C8946 /* Release */ = {
			isa = XCBuildConfiguration;
			buildSettings = {
				ALWAYS_SEARCH_USER_PATHS = NO;
				CLANG_ANALYZER_NONNULL = YES;
				CLANG_ANALYZER_NUMBER_OBJECT_CONVERSION = YES_AGGRESSIVE;
				CLANG_CXX_LANGUAGE_STANDARD = "gnu++17";
				CLANG_ENABLE_MODULES = YES;
				CLANG_ENABLE_OBJC_ARC = YES;
				CLANG_ENABLE_OBJC_WEAK = YES;
				CLANG_WARN_BLOCK_CAPTURE_AUTORELEASING = YES;
				CLANG_WARN_BOOL_CONVERSION = YES;
				CLANG_WARN_COMMA = YES;
				CLANG_WARN_CONSTANT_CONVERSION = YES;
				CLANG_WARN_DEPRECATED_OBJC_IMPLEMENTATIONS = YES;
				CLANG_WARN_DIRECT_OBJC_ISA_USAGE = YES_ERROR;
				CLANG_WARN_DOCUMENTATION_COMMENTS = YES;
				CLANG_WARN_EMPTY_BODY = YES;
				CLANG_WARN_ENUM_CONVERSION = YES;
				CLANG_WARN_INFINITE_RECURSION = YES;
				CLANG_WARN_INT_CONVERSION = YES;
				CLANG_WARN_NON_LITERAL_NULL_CONVERSION = YES;
				CLANG_WARN_OBJC_IMPLICIT_RETAIN_SELF = YES;
				CLANG_WARN_OBJC_LITERAL_CONVERSION = YES;
				CLANG_WARN_OBJC_ROOT_CLASS = YES_ERROR;
				CLANG_WARN_QUOTED_INCLUDE_IN_FRAMEWORK_HEADER = YES;
				CLANG_WARN_RANGE_LOOP_ANALYSIS = YES;
				CLANG_WARN_STRICT_PROTOTYPES = YES;
				CLANG_WARN_SUSPICIOUS_MOVE = YES;
				CLANG_WARN_UNGUARDED_AVAILABILITY = YES_AGGRESSIVE;
				CLANG_WARN_UNREACHABLE_CODE = YES;
				CLANG_WARN__DUPLICATE_METHOD_MATCH = YES;
				COPY_PHASE_STRIP = NO;
				DEBUG_INFORMATION_FORMAT = "dwarf-with-dsym";
				ENABLE_NS_ASSERTIONS = NO;
				ENABLE_STRICT_OBJC_MSGSEND = YES;
				GCC_C_LANGUAGE_STANDARD = gnu11;
				GCC_NO_COMMON_BLOCKS = YES;
				GCC_WARN_64_TO_32_BIT_CONVERSION = YES;
				GCC_WARN_ABOUT_RETURN_TYPE = YES_ERROR;
				GCC_WARN_UNDECLARED_SELECTOR = YES;
				GCC_WARN_UNINITIALIZED_AUTOS = YES_AGGRESSIVE;
				GCC_WARN_UNUSED_FUNCTION = YES;
				GCC_WARN_UNUSED_VARIABLE = YES;
				IPHONEOS_DEPLOYMENT_TARGET = 15.4;
				MTL_ENABLE_DEBUG_INFO = NO;
				MTL_FAST_MATH = YES;
				SDKROOT = iphoneos;
				SWIFT_COMPILATION_MODE = wholemodule;
				SWIFT_OPTIMIZATION_LEVEL = "-O";
				VALIDATE_PRODUCT = YES;
			};
			name = Release;
		};
		38EEC30D27F366FD003C8946 /* Debug */ = {
			isa = XCBuildConfiguration;
			buildSettings = {
				ASSETCATALOG_COMPILER_APPICON_NAME = AppIcon;
				ASSETCATALOG_COMPILER_GLOBAL_ACCENT_COLOR_NAME = AccentColor;
				CODE_SIGN_STYLE = Automatic;
				CURRENT_PROJECT_VERSION = 1;
				GENERATE_INFOPLIST_FILE = YES;
				INFOPLIST_FILE = Today/Info.plist;
				INFOPLIST_KEY_UIApplicationSupportsIndirectInputEvents = YES;
				INFOPLIST_KEY_UILaunchStoryboardName = LaunchScreen;
				INFOPLIST_KEY_UIMainStoryboardFile = Main;
				INFOPLIST_KEY_UISupportedInterfaceOrientations_iPad = "UIInterfaceOrientationPortrait UIInterfaceOrientationPortraitUpsideDown UIInterfaceOrientationLandscapeLeft UIInterfaceOrientationLandscapeRight";
				INFOPLIST_KEY_UISupportedInterfaceOrientations_iPhone = "UIInterfaceOrientationPortrait UIInterfaceOrientationLandscapeLeft UIInterfaceOrientationLandscapeRight";
				LD_RUNPATH_SEARCH_PATHS = (
					"$(inherited)",
					"@executable_path/Frameworks",
				);
				MARKETING_VERSION = 1.0;
				PRODUCT_BUNDLE_IDENTIFIER = example.com.Today;
				PRODUCT_NAME = "$(TARGET_NAME)";
				SWIFT_EMIT_LOC_STRINGS = YES;
				SWIFT_VERSION = 5.0;
				TARGETED_DEVICE_FAMILY = "1,2";
			};
			name = Debug;
		};
		38EEC30E27F366FD003C8946 /* Release */ = {
			isa = XCBuildConfiguration;
			buildSettings = {
				ASSETCATALOG_COMPILER_APPICON_NAME = AppIcon;
				ASSETCATALOG_COMPILER_GLOBAL_ACCENT_COLOR_NAME = AccentColor;
				CODE_SIGN_STYLE = Automatic;
				CURRENT_PROJECT_VERSION = 1;
				GENERATE_INFOPLIST_FILE = YES;
				INFOPLIST_FILE = Today/Info.plist;
				INFOPLIST_KEY_UIApplicationSupportsIndirectInputEvents = YES;
				INFOPLIST_KEY_UILaunchStoryboardName = LaunchScreen;
				INFOPLIST_KEY_UIMainStoryboardFile = Main;
				INFOPLIST_KEY_UISupportedInterfaceOrientations_iPad = "UIInterfaceOrientationPortrait UIInterfaceOrientationPortraitUpsideDown UIInterfaceOrientationLandscapeLeft UIInterfaceOrientationLandscapeRight";
				INFOPLIST_KEY_UISupportedInterfaceOrientations_iPhone = "UIInterfaceOrientationPortrait UIInterfaceOrientationLandscapeLeft UIInterfaceOrientationLandscapeRight";
				LD_RUNPATH_SEARCH_PATHS = (
					"$(inherited)",
					"@executable_path/Frameworks",
				);
				MARKETING_VERSION = 1.0;
				PRODUCT_BUNDLE_IDENTIFIER = example.com.Today;
				PRODUCT_NAME = "$(TARGET_NAME)";
				SWIFT_EMIT_LOC_STRINGS = YES;
				SWIFT_VERSION = 5.0;
				TARGETED_DEVICE_FAMILY = "1,2";
			};
			name = Release;
		};
		38EEC31027F366FD003C8946 /* Debug */ = {
			isa = XCBuildConfiguration;
			buildSettings = {
				ALWAYS_EMBED_SWIFT_STANDARD_LIBRARIES = YES;
				BUNDLE_LOADER = "$(TEST_HOST)";
				CODE_SIGN_STYLE = Automatic;
				CURRENT_PROJECT_VERSION = 1;
				GENERATE_INFOPLIST_FILE = YES;
				IPHONEOS_DEPLOYMENT_TARGET = 15.4;
				MARKETING_VERSION = 1.0;
				PRODUCT_BUNDLE_IDENTIFIER = example.com.TodayTests;
				PRODUCT_NAME = "$(TARGET_NAME)";
				SWIFT_EMIT_LOC_STRINGS = NO;
				SWIFT_VERSION = 5.0;
				TARGETED_DEVICE_FAMILY = "1,2";
				TEST_HOST = "$(BUILT_PRODUCTS_DIR)/Today.app/Today";
			};
			name = Debug;
		};
		38EEC31127F366FD003C8946 /* Release */ = {
			isa = XCBuildConfiguration;
			buildSettings = {
				ALWAYS_EMBED_SWIFT_STANDARD_LIBRARIES = YES;
				BUNDLE_LOADER = "$(TEST_HOST)";
				CODE_SIGN_STYLE = Automatic;
				CURRENT_PROJECT_VERSION = 1;
				GENERATE_INFOPLIST_FILE = YES;
				IPHONEOS_DEPLOYMENT_TARGET = 15.4;
				MARKETING_VERSION = 1.0;
				PRODUCT_BUNDLE_IDENTIFIER = example.com.TodayTests;
				PRODUCT_NAME = "$(TARGET_NAME)";
				SWIFT_EMIT_LOC_STRINGS = NO;
				SWIFT_VERSION = 5.0;
				TARGETED_DEVICE_FAMILY = "1,2";
				TEST_HOST = "$(BUILT_PRODUCTS_DIR)/Today.app/Today";
			};
			name = Release;
		};
		38EEC31327F366FD003C8946 /* Debug */ = {
			isa = XCBuildConfiguration;
			buildSettings = {
				ALWAYS_EMBED_SWIFT_STANDARD_LIBRARIES = YES;
				CODE_SIGN_STYLE = Automatic;
				CURRENT_PROJECT_VERSION = 1;
				GENERATE_INFOPLIST_FILE = YES;
				MARKETING_VERSION = 1.0;
				PRODUCT_BUNDLE_IDENTIFIER = example.com.TodayUITests;
				PRODUCT_NAME = "$(TARGET_NAME)";
				SWIFT_EMIT_LOC_STRINGS = NO;
				SWIFT_VERSION = 5.0;
				TARGETED_DEVICE_FAMILY = "1,2";
				TEST_TARGET_NAME = Today;
			};
			name = Debug;
		};
		38EEC31427F366FD003C8946 /* Release */ = {
			isa = XCBuildConfiguration;
			buildSettings = {
				ALWAYS_EMBED_SWIFT_STANDARD_LIBRARIES = YES;
				CODE_SIGN_STYLE = Automatic;
				CURRENT_PROJECT_VERSION = 1;
				GENERATE_INFOPLIST_FILE = YES;
				MARKETING_VERSION = 1.0;
				PRODUCT_BUNDLE_IDENTIFIER = example.com.TodayUITests;
				PRODUCT_NAME = "$(TARGET_NAME)";
				SWIFT_EMIT_LOC_STRINGS = NO;
				SWIFT_VERSION = 5.0;
				TARGETED_DEVICE_FAMILY = "1,2";
				TEST_TARGET_NAME = Today;
			};
			name = Release;
		};
/* End XCBuildConfiguration section */

/* Begin XCConfigurationList section */
		38EEC2DD27F366FC003C8946 /* Build configuration list for PBXProject "Today" */ = {
			isa = XCConfigurationList;
			buildConfigurations = (
				38EEC30A27F366FD003C8946 /* Debug */,
				38EEC30B27F366FD003C8946 /* Release */,
			);
			defaultConfigurationIsVisible = 0;
			defaultConfigurationName = Release;
		};
		38EEC30C27F366FD003C8946 /* Build configuration list for PBXNativeTarget "Today" */ = {
			isa = XCConfigurationList;
			buildConfigurations = (
				38EEC30D27F366FD003C8946 /* Debug */,
				38EEC30E27F366FD003C8946 /* Release */,
			);
			defaultConfigurationIsVisible = 0;
			defaultConfigurationName = Release;
		};
		38EEC30F27F366FD003C8946 /* Build configuration list for PBXNativeTarget "TodayTests" */ = {
			isa = XCConfigurationList;
			buildConfigurations = (
				38EEC31027F366FD003C8946 /* Debug */,
				38EEC31127F366FD003C8946 /* Release */,
			);
			defaultConfigurationIsVisible = 0;
			defaultConfigurationName = Release;
		};
		38EEC31227F366FD003C8946 /* Build configuration list for PBXNativeTarget "TodayUITests" */ = {
			isa = XCConfigurationList;
			buildConfigurations = (
				38EEC31327F366FD003C8946 /* Debug */,
				38EEC31427F366FD003C8946 /* Release */,
			);
			defaultConfigurationIsVisible = 0;
			defaultConfigurationName = Release;
		};
/* End XCConfigurationList section */
	};
	rootObject = 38EEC2DA27F366FC003C8946 /* Project object */;
}
